
Microsoft Visual Studio Solution File, Format Version 12.00
# Visual Studio Version 17
VisualStudioVersion = 17.4.33110.190
MinimumVisualStudioVersion = 10.0.40219.1
Project("{2150E333-8FDC-42A3-9474-1A3956D46DE8}") = "Service", "Service", "{AB6958BD-9BF9-4EC2-9D39-89E6F2F0580D}"
EndProject
Project("{2150E333-8FDC-42A3-9474-1A3956D46DE8}") = "Adapters", "Adapters", "{3700B2A8-CF5E-4B8E-8514-4CDCB0D678C8}"
EndProject
Project("{2150E333-8FDC-42A3-9474-1A3956D46DE8}") = "Consumers", "Consumers", "{87A7A9A2-60A9-453A-BBC7-FBA34C99C230}"
EndProject
Project("{2150E333-8FDC-42A3-9474-1A3956D46DE8}") = "Core", "Core", "{F3D979E5-C63B-4CD8-8206-FFA8597153DD}"
EndProject
Project("{2150E333-8FDC-42A3-9474-1A3956D46DE8}") = "Tests", "Tests", "{E7498AB1-226B-4976-88B8-5790DBE1C0E6}"
EndProject
Project("{2150E333-8FDC-42A3-9474-1A3956D46DE8}") = "Application", "Application", "{8F8BC1C6-3F93-4F36-AF07-B4DF8FA2B8EA}"
EndProject
Project("{FAE04EC0-301F-11D3-BF4B-00C04F79EFBC}") = "Application", "Service\Core\Application\Application.csproj", "{27B7DDE8-8087-40E3-9D77-CFB26CAE381C}"
EndProject
Project("{2150E333-8FDC-42A3-9474-1A3956D46DE8}") = "Domain", "Domain", "{65D5CBD1-0935-49D6-8835-AFBF0ECF2E2F}"
EndProject
Project("{FAE04EC0-301F-11D3-BF4B-00C04F79EFBC}") = "Domain", "Service\Core\Domain\Domain.csproj", "{C3281188-1C20-4133-8314-0A465435BF45}"
EndProject
Project("{FAE04EC0-301F-11D3-BF4B-00C04F79EFBC}") = "WebAPI", "Service\Consumers\WebAPI\WebAPI.csproj", "{F6557DAF-1270-4B44-AA0D-E993BAFFB1D5}"
EndProject
Project("{2150E333-8FDC-42A3-9474-1A3956D46DE8}") = "UnitTets", "UnitTets", "{A9905BBD-773A-4969-AB65-5F2A8ECDAAB5}"
EndProject
Project("{FAE04EC0-301F-11D3-BF4B-00C04F79EFBC}") = "UnitTests", "Service\Tests\UnitTests\UnitTests.csproj", "{6EBF287D-DCE7-4E02-9269-6BC49C262FC6}"
EndProject
Project("{FAE04EC0-301F-11D3-BF4B-00C04F79EFBC}") = "Data", "Service\Adapters\Data\Data.csproj", "{E0137A20-18DE-42C9-94FB-9DFE875D9095}"
EndProject
Project("{FAE04EC0-301F-11D3-BF4B-00C04F79EFBC}") = "Messenger", "Service\Adapters\Messenger\Messenger.csproj", "{73F1EE84-46DE-493A-9C8C-9594544E6949}"
EndProject
Project("{2150E333-8FDC-42A3-9474-1A3956D46DE8}") = "Itens de Solução", "Itens de Solução", "{B1B5B012-1CFF-4BA0-88F7-1B4CFBEE1B9E}"
	ProjectSection(SolutionItems) = preProject
		README.md = README.md
	EndProjectSection
EndProject
Global
	GlobalSection(SolutionConfigurationPlatforms) = preSolution
		Debug|Any CPU = Debug|Any CPU
		Release|Any CPU = Release|Any CPU
	EndGlobalSection
	GlobalSection(ProjectConfigurationPlatforms) = postSolution
		{27B7DDE8-8087-40E3-9D77-CFB26CAE381C}.Debug|Any CPU.ActiveCfg = Debug|Any CPU
		{27B7DDE8-8087-40E3-9D77-CFB26CAE381C}.Debug|Any CPU.Build.0 = Debug|Any CPU
		{27B7DDE8-8087-40E3-9D77-CFB26CAE381C}.Release|Any CPU.ActiveCfg = Release|Any CPU
		{27B7DDE8-8087-40E3-9D77-CFB26CAE381C}.Release|Any CPU.Build.0 = Release|Any CPU
		{C3281188-1C20-4133-8314-0A465435BF45}.Debug|Any CPU.ActiveCfg = Debug|Any CPU
		{C3281188-1C20-4133-8314-0A465435BF45}.Debug|Any CPU.Build.0 = Debug|Any CPU
		{C3281188-1C20-4133-8314-0A465435BF45}.Release|Any CPU.ActiveCfg = Release|Any CPU
		{C3281188-1C20-4133-8314-0A465435BF45}.Release|Any CPU.Build.0 = Release|Any CPU
		{F6557DAF-1270-4B44-AA0D-E993BAFFB1D5}.Debug|Any CPU.ActiveCfg = Debug|Any CPU
		{F6557DAF-1270-4B44-AA0D-E993BAFFB1D5}.Debug|Any CPU.Build.0 = Debug|Any CPU
		{F6557DAF-1270-4B44-AA0D-E993BAFFB1D5}.Release|Any CPU.ActiveCfg = Release|Any CPU
		{F6557DAF-1270-4B44-AA0D-E993BAFFB1D5}.Release|Any CPU.Build.0 = Release|Any CPU
		{6EBF287D-DCE7-4E02-9269-6BC49C262FC6}.Debug|Any CPU.ActiveCfg = Debug|Any CPU
		{6EBF287D-DCE7-4E02-9269-6BC49C262FC6}.Debug|Any CPU.Build.0 = Debug|Any CPU
		{6EBF287D-DCE7-4E02-9269-6BC49C262FC6}.Release|Any CPU.ActiveCfg = Release|Any CPU
		{6EBF287D-DCE7-4E02-9269-6BC49C262FC6}.Release|Any CPU.Build.0 = Release|Any CPU
		{E0137A20-18DE-42C9-94FB-9DFE875D9095}.Debug|Any CPU.ActiveCfg = Debug|Any CPU
		{E0137A20-18DE-42C9-94FB-9DFE875D9095}.Debug|Any CPU.Build.0 = Debug|Any CPU
		{E0137A20-18DE-42C9-94FB-9DFE875D9095}.Release|Any CPU.ActiveCfg = Release|Any CPU
		{E0137A20-18DE-42C9-94FB-9DFE875D9095}.Release|Any CPU.Build.0 = Release|Any CPU
		{73F1EE84-46DE-493A-9C8C-9594544E6949}.Debug|Any CPU.ActiveCfg = Debug|Any CPU
		{73F1EE84-46DE-493A-9C8C-9594544E6949}.Debug|Any CPU.Build.0 = Debug|Any CPU
		{73F1EE84-46DE-493A-9C8C-9594544E6949}.Release|Any CPU.ActiveCfg = Release|Any CPU
		{73F1EE84-46DE-493A-9C8C-9594544E6949}.Release|Any CPU.Build.0 = Release|Any CPU
	EndGlobalSection
	GlobalSection(SolutionProperties) = preSolution
		HideSolutionNode = FALSE
	EndGlobalSection
	GlobalSection(NestedProjects) = preSolution
		{3700B2A8-CF5E-4B8E-8514-4CDCB0D678C8} = {AB6958BD-9BF9-4EC2-9D39-89E6F2F0580D}
		{87A7A9A2-60A9-453A-BBC7-FBA34C99C230} = {AB6958BD-9BF9-4EC2-9D39-89E6F2F0580D}
		{F3D979E5-C63B-4CD8-8206-FFA8597153DD} = {AB6958BD-9BF9-4EC2-9D39-89E6F2F0580D}
		{E7498AB1-226B-4976-88B8-5790DBE1C0E6} = {AB6958BD-9BF9-4EC2-9D39-89E6F2F0580D}
		{8F8BC1C6-3F93-4F36-AF07-B4DF8FA2B8EA} = {F3D979E5-C63B-4CD8-8206-FFA8597153DD}
		{27B7DDE8-8087-40E3-9D77-CFB26CAE381C} = {8F8BC1C6-3F93-4F36-AF07-B4DF8FA2B8EA}
		{65D5CBD1-0935-49D6-8835-AFBF0ECF2E2F} = {F3D979E5-C63B-4CD8-8206-FFA8597153DD}
		{C3281188-1C20-4133-8314-0A465435BF45} = {65D5CBD1-0935-49D6-8835-AFBF0ECF2E2F}
		{F6557DAF-1270-4B44-AA0D-E993BAFFB1D5} = {87A7A9A2-60A9-453A-BBC7-FBA34C99C230}
		{A9905BBD-773A-4969-AB65-5F2A8ECDAAB5} = {E7498AB1-226B-4976-88B8-5790DBE1C0E6}
		{6EBF287D-DCE7-4E02-9269-6BC49C262FC6} = {A9905BBD-773A-4969-AB65-5F2A8ECDAAB5}
		{E0137A20-18DE-42C9-94FB-9DFE875D9095} = {3700B2A8-CF5E-4B8E-8514-4CDCB0D678C8}
		{73F1EE84-46DE-493A-9C8C-9594544E6949} = {3700B2A8-CF5E-4B8E-8514-4CDCB0D678C8}
	EndGlobalSection
	GlobalSection(ExtensibilityGlobals) = postSolution
		SolutionGuid = {BCD6160E-CD5B-45D7-8C50-AB85BBD18C90}
	EndGlobalSection
EndGlobal
